
Microsoft Visual Studio Solution File, Format Version 12.00
# Visual Studio Version 17
VisualStudioVersion = 17.11.35219.272
MinimumVisualStudioVersion = 10.0.40219.1
Project("{2150E333-8FDC-42A3-9474-1A3956D46DE8}") = "src", "src", "{CEF814B3-ADD8-40A9-9919-8DD19B8C39B9}"
EndProject
Project("{2150E333-8FDC-42A3-9474-1A3956D46DE8}") = "tests", "tests", "{53291581-1C4C-46E1-9358-EEC821024711}"
EndProject
Project("{FAE04EC0-301F-11D3-BF4B-00C04F79EFBC}") = "ReservationSystem.Domain", "src\ReservationSystem.Domain\ReservationSystem.Domain.csproj", "{E189C979-ECAA-4074-B27C-C1815BE01EEE}"
EndProject
Project("{FAE04EC0-301F-11D3-BF4B-00C04F79EFBC}") = "RservationSystem.Application", "src\RservationSystem.Application\RservationSystem.Application.csproj", "{67F1EAED-C1B3-4F4C-A074-32268E9218C5}"
EndProject
Project("{FAE04EC0-301F-11D3-BF4B-00C04F79EFBC}") = "ReservationSystem.Infrastructure", "src\ReservationSystem.Infrastructure\ReservationSystem.Infrastructure.csproj", "{1A8BCEFD-9D3F-42DD-B540-7ED51CE6DD02}"
EndProject
Project("{FAE04EC0-301F-11D3-BF4B-00C04F79EFBC}") = "ReservationSystem.Web", "src\ReservationSystem.Web\ReservationSystem.Web.csproj", "{6D6DFE38-E042-4E71-B6CB-CFD46049466F}"
EndProject
Global
	GlobalSection(SolutionConfigurationPlatforms) = preSolution
		Debug|Any CPU = Debug|Any CPU
		Release|Any CPU = Release|Any CPU
	EndGlobalSection
	GlobalSection(ProjectConfigurationPlatforms) = postSolution
		{E189C979-ECAA-4074-B27C-C1815BE01EEE}.Debug|Any CPU.ActiveCfg = Debug|Any CPU
		{E189C979-ECAA-4074-B27C-C1815BE01EEE}.Debug|Any CPU.Build.0 = Debug|Any CPU
		{E189C979-ECAA-4074-B27C-C1815BE01EEE}.Release|Any CPU.ActiveCfg = Release|Any CPU
		{E189C979-ECAA-4074-B27C-C1815BE01EEE}.Release|Any CPU.Build.0 = Release|Any CPU
		{67F1EAED-C1B3-4F4C-A074-32268E9218C5}.Debug|Any CPU.ActiveCfg = Debug|Any CPU
		{67F1EAED-C1B3-4F4C-A074-32268E9218C5}.Debug|Any CPU.Build.0 = Debug|Any CPU
		{67F1EAED-C1B3-4F4C-A074-32268E9218C5}.Release|Any CPU.ActiveCfg = Release|Any CPU
		{67F1EAED-C1B3-4F4C-A074-32268E9218C5}.Release|Any CPU.Build.0 = Release|Any CPU
		{1A8BCEFD-9D3F-42DD-B540-7ED51CE6DD02}.Debug|Any CPU.ActiveCfg = Debug|Any CPU
		{1A8BCEFD-9D3F-42DD-B540-7ED51CE6DD02}.Debug|Any CPU.Build.0 = Debug|Any CPU
		{1A8BCEFD-9D3F-42DD-B540-7ED51CE6DD02}.Release|Any CPU.ActiveCfg = Release|Any CPU
		{1A8BCEFD-9D3F-42DD-B540-7ED51CE6DD02}.Release|Any CPU.Build.0 = Release|Any CPU
		{6D6DFE38-E042-4E71-B6CB-CFD46049466F}.Debug|Any CPU.ActiveCfg = Debug|Any CPU
		{6D6DFE38-E042-4E71-B6CB-CFD46049466F}.Debug|Any CPU.Build.0 = Debug|Any CPU
		{6D6DFE38-E042-4E71-B6CB-CFD46049466F}.Release|Any CPU.ActiveCfg = Release|Any CPU
		{6D6DFE38-E042-4E71-B6CB-CFD46049466F}.Release|Any CPU.Build.0 = Release|Any CPU
	EndGlobalSection
	GlobalSection(SolutionProperties) = preSolution
		HideSolutionNode = FALSE
	EndGlobalSection
	GlobalSection(NestedProjects) = preSolution
		{E189C979-ECAA-4074-B27C-C1815BE01EEE} = {CEF814B3-ADD8-40A9-9919-8DD19B8C39B9}
		{67F1EAED-C1B3-4F4C-A074-32268E9218C5} = {CEF814B3-ADD8-40A9-9919-8DD19B8C39B9}
		{1A8BCEFD-9D3F-42DD-B540-7ED51CE6DD02} = {CEF814B3-ADD8-40A9-9919-8DD19B8C39B9}
		{6D6DFE38-E042-4E71-B6CB-CFD46049466F} = {CEF814B3-ADD8-40A9-9919-8DD19B8C39B9}
	EndGlobalSection
	GlobalSection(ExtensibilityGlobals) = postSolution
		SolutionGuid = {BE7C086E-E4B4-4D23-A330-BFFB516385F0}
	EndGlobalSection
EndGlobal
